
Microsoft Visual Studio Solution File, Format Version 12.00
Project("{FAE04EC0-301F-11D3-BF4B-00C04F79EFBC}") = "TestApp", "TestApp\TestApp.csproj", "{080B3B9D-C3EE-4A90-A1FB-649711749090}"
EndProject
Project("{FAE04EC0-301F-11D3-BF4B-00C04F79EFBC}") = "TestApp.Tests", "TestApp.Tests\TestApp.Tests.csproj", "{334601EF-5C57-47ED-8995-9F85F58A586A}"
EndProject
Global
	GlobalSection(SolutionConfigurationPlatforms) = preSolution
		Debug|Any CPU = Debug|Any CPU
		Release|Any CPU = Release|Any CPU
	EndGlobalSection
	GlobalSection(ProjectConfigurationPlatforms) = postSolution
		{080B3B9D-C3EE-4A90-A1FB-649711749090}.Debug|Any CPU.ActiveCfg = Debug|Any CPU
		{080B3B9D-C3EE-4A90-A1FB-649711749090}.Debug|Any CPU.Build.0 = Debug|Any CPU
		{080B3B9D-C3EE-4A90-A1FB-649711749090}.Release|Any CPU.ActiveCfg = Release|Any CPU
		{080B3B9D-C3EE-4A90-A1FB-649711749090}.Release|Any CPU.Build.0 = Release|Any CPU
		{334601EF-5C57-47ED-8995-9F85F58A586A}.Debug|Any CPU.ActiveCfg = Debug|Any CPU
		{334601EF-5C57-47ED-8995-9F85F58A586A}.Debug|Any CPU.Build.0 = Debug|Any CPU
		{334601EF-5C57-47ED-8995-9F85F58A586A}.Release|Any CPU.ActiveCfg = Release|Any CPU
		{334601EF-5C57-47ED-8995-9F85F58A586A}.Release|Any CPU.Build.0 = Release|Any CPU
	EndGlobalSection
EndGlobal
